
Microsoft Visual Studio Solution File, Format Version 12.00
# Visual Studio Version 17
VisualStudioVersion = 17.11.35312.102
MinimumVisualStudioVersion = 10.0.40219.1
Project("{FAE04EC0-301F-11D3-BF4B-00C04F79EFBC}") = "Week8EpicGame", "Week8EpicGame\Week8EpicGame.csproj", "{75F625FD-080D-4D54-A00F-D33B2CEF354A}"
EndProject
Global
	GlobalSection(SolutionConfigurationPlatforms) = preSolution
		Debug|Any CPU = Debug|Any CPU
		Release|Any CPU = Release|Any CPU
	EndGlobalSection
	GlobalSection(ProjectConfigurationPlatforms) = postSolution
		{75F625FD-080D-4D54-A00F-D33B2CEF354A}.Debug|Any CPU.ActiveCfg = Debug|Any CPU
		{75F625FD-080D-4D54-A00F-D33B2CEF354A}.Debug|Any CPU.Build.0 = Debug|Any CPU
		{75F625FD-080D-4D54-A00F-D33B2CEF354A}.Release|Any CPU.ActiveCfg = Release|Any CPU
		{75F625FD-080D-4D54-A00F-D33B2CEF354A}.Release|Any CPU.Build.0 = Release|Any CPU
	EndGlobalSection
	GlobalSection(SolutionProperties) = preSolution
		HideSolutionNode = FALSE
	EndGlobalSection
	GlobalSection(ExtensibilityGlobals) = postSolution
		SolutionGuid = {E6CBD1A3-7482-43B8-8212-C449BC083BC8}
	EndGlobalSection
EndGlobal
